// !$*UTF8*$!
{
	archiveVersion = 1;
	classes = {
	};
	objectVersion = 56;
	objects = {

/* Begin PBXBuildFile section */
		68505C4E2CDB3B590050A9B6 /* AppDelegate.swift in Sources */ = {isa = PBXBuildFile; fileRef = 68505C4D2CDB3B590050A9B6 /* AppDelegate.swift */; };
		68505C502CDB3B590050A9B6 /* SceneDelegate.swift in Sources */ = {isa = PBXBuildFile; fileRef = 68505C4F2CDB3B590050A9B6 /* SceneDelegate.swift */; };
		68505C522CDB3B590050A9B6 /* ViewController.swift in Sources */ = {isa = PBXBuildFile; fileRef = 68505C512CDB3B590050A9B6 /* ViewController.swift */; };
		68505C552CDB3B590050A9B6 /* Base in Resources */ = {isa = PBXBuildFile; fileRef = 68505C542CDB3B590050A9B6 /* Base */; };
		68505C572CDB3B5B0050A9B6 /* Assets.xcassets in Resources */ = {isa = PBXBuildFile; fileRef = 68505C562CDB3B5B0050A9B6 /* Assets.xcassets */; };
		68505C5A2CDB3B5B0050A9B6 /* Base in Resources */ = {isa = PBXBuildFile; fileRef = 68505C592CDB3B5B0050A9B6 /* Base */; };
		68505C632CDB3BB50050A9B6 /* Alamofire in Frameworks */ = {isa = PBXBuildFile; productRef = 68505C622CDB3BB50050A9B6 /* Alamofire */; };
		68505C672CDB3BFA0050A9B6 /* HomeViewController.swift in Sources */ = {isa = PBXBuildFile; fileRef = 68505C662CDB3BFA0050A9B6 /* HomeViewController.swift */; };
		68505C692CDB404C0050A9B6 /* Constants.swift in Sources */ = {isa = PBXBuildFile; fileRef = 68505C682CDB404C0050A9B6 /* Constants.swift */; };
/* End PBXBuildFile section */

/* Begin PBXFileReference section */
		68505C4A2CDB3B590050A9B6 /* Aug_24_JSONSerialization_Alamofire_Demo.app */ = {isa = PBXFileReference; explicitFileType = wrapper.application; includeInIndex = 0; path = Aug_24_JSONSerialization_Alamofire_Demo.app; sourceTree = BUILT_PRODUCTS_DIR; };
		68505C4D2CDB3B590050A9B6 /* AppDelegate.swift */ = {isa = PBXFileReference; lastKnownFileType = sourcecode.swift; path = AppDelegate.swift; sourceTree = "<group>"; };
		68505C4F2CDB3B590050A9B6 /* SceneDelegate.swift */ = {isa = PBXFileReference; lastKnownFileType = sourcecode.swift; path = SceneDelegate.swift; sourceTree = "<group>"; };
		68505C512CDB3B590050A9B6 /* ViewController.swift */ = {isa = PBXFileReference; lastKnownFileType = sourcecode.swift; path = ViewController.swift; sourceTree = "<group>"; };
		68505C542CDB3B590050A9B6 /* Base */ = {isa = PBXFileReference; lastKnownFileType = file.storyboard; name = Base; path = Base.lproj/Main.storyboard; sourceTree = "<group>"; };
		68505C562CDB3B5B0050A9B6 /* Assets.xcassets */ = {isa = PBXFileReference; lastKnownFileType = folder.assetcatalog; path = Assets.xcassets; sourceTree = "<group>"; };
		68505C592CDB3B5B0050A9B6 /* Base */ = {isa = PBXFileReference; lastKnownFileType = file.storyboard; name = Base; path = Base.lproj/LaunchScreen.storyboard; sourceTree = "<group>"; };
		68505C5B2CDB3B5B0050A9B6 /* Info.plist */ = {isa = PBXFileReference; lastKnownFileType = text.plist.xml; path = Info.plist; sourceTree = "<group>"; };
		68505C662CDB3BFA0050A9B6 /* HomeViewController.swift */ = {isa = PBXFileReference; lastKnownFileType = sourcecode.swift; path = HomeViewController.swift; sourceTree = "<group>"; };
		68505C682CDB404C0050A9B6 /* Constants.swift */ = {isa = PBXFileReference; lastKnownFileType = sourcecode.swift; path = Constants.swift; sourceTree = "<group>"; };
/* End PBXFileReference section */

/* Begin PBXFrameworksBuildPhase section */
		68505C472CDB3B590050A9B6 /* Frameworks */ = {
			isa = PBXFrameworksBuildPhase;
			buildActionMask = 2147483647;
			files = (
				68505C632CDB3BB50050A9B6 /* Alamofire in Frameworks */,
			);
			runOnlyForDeploymentPostprocessing = 0;
		};
/* End PBXFrameworksBuildPhase section */

/* Begin PBXGroup section */
		68505C412CDB3B590050A9B6 = {
			isa = PBXGroup;
			children = (
				68505C4C2CDB3B590050A9B6 /* Aug_24_JSONSerialization_Alamofire_Demo */,
				68505C4B2CDB3B590050A9B6 /* Products */,
			);
			sourceTree = "<group>";
		};
		68505C4B2CDB3B590050A9B6 /* Products */ = {
			isa = PBXGroup;
			children = (
				68505C4A2CDB3B590050A9B6 /* Aug_24_JSONSerialization_Alamofire_Demo.app */,
			);
			name = Products;
			sourceTree = "<group>";
		};
		68505C4C2CDB3B590050A9B6 /* Aug_24_JSONSerialization_Alamofire_Demo */ = {
			isa = PBXGroup;
			children = (
				68505C4D2CDB3B590050A9B6 /* AppDelegate.swift */,
				68505C4F2CDB3B590050A9B6 /* SceneDelegate.swift */,
				68505C512CDB3B590050A9B6 /* ViewController.swift */,
				68505C532CDB3B590050A9B6 /* Main.storyboard */,
				68505C562CDB3B5B0050A9B6 /* Assets.xcassets */,
				68505C582CDB3B5B0050A9B6 /* LaunchScreen.storyboard */,
				68505C5B2CDB3B5B0050A9B6 /* Info.plist */,
				68505C662CDB3BFA0050A9B6 /* HomeViewController.swift */,
				68505C682CDB404C0050A9B6 /* Constants.swift */,
			);
			path = Aug_24_JSONSerialization_Alamofire_Demo;
			sourceTree = "<group>";
		};
/* End PBXGroup section */

/* Begin PBXNativeTarget section */
		68505C492CDB3B590050A9B6 /* Aug_24_JSONSerialization_Alamofire_Demo */ = {
			isa = PBXNativeTarget;
			buildConfigurationList = 68505C5E2CDB3B5B0050A9B6 /* Build configuration list for PBXNativeTarget "Aug_24_JSONSerialization_Alamofire_Demo" */;
			buildPhases = (
				68505C462CDB3B590050A9B6 /* Sources */,
				68505C472CDB3B590050A9B6 /* Frameworks */,
				68505C482CDB3B590050A9B6 /* Resources */,
			);
			buildRules = (
			);
			dependencies = (
			);
			name = Aug_24_JSONSerialization_Alamofire_Demo;
			packageProductDependencies = (
				68505C622CDB3BB50050A9B6 /* Alamofire */,
			);
			productName = Aug_24_JSONSerialization_Alamofire_Demo;
			productReference = 68505C4A2CDB3B590050A9B6 /* Aug_24_JSONSerialization_Alamofire_Demo.app */;
			productType = "com.apple.product-type.application";
		};
/* End PBXNativeTarget section */

/* Begin PBXProject section */
		68505C422CDB3B590050A9B6 /* Project object */ = {
			isa = PBXProject;
			attributes = {
				BuildIndependentTargetsInParallel = 1;
				LastSwiftUpdateCheck = 1540;
				LastUpgradeCheck = 1540;
				TargetAttributes = {
					68505C492CDB3B590050A9B6 = {
						CreatedOnToolsVersion = 15.4;
					};
				};
			};
			buildConfigurationList = 68505C452CDB3B590050A9B6 /* Build configuration list for PBXProject "Aug_24_JSONSerialization_Alamofire_Demo" */;
			compatibilityVersion = "Xcode 14.0";
			developmentRegion = en;
			hasScannedForEncodings = 0;
			knownRegions = (
				en,
				Base,
			);
			mainGroup = 68505C412CDB3B590050A9B6;
			packageReferences = (
				68505C612CDB3BB50050A9B6 /* XCRemoteSwiftPackageReference "Alamofire" */,
			);
			productRefGroup = 68505C4B2CDB3B590050A9B6 /* Products */;
			projectDirPath = "";
			projectRoot = "";
			targets = (
				68505C492CDB3B590050A9B6 /* Aug_24_JSONSerialization_Alamofire_Demo */,
			);
		};
/* End PBXProject section */

/* Begin PBXResourcesBuildPhase section */
		68505C482CDB3B590050A9B6 /* Resources */ = {
			isa = PBXResourcesBuildPhase;
			buildActionMask = 2147483647;
			files = (
				68505C572CDB3B5B0050A9B6 /* Assets.xcassets in Resources */,
				68505C5A2CDB3B5B0050A9B6 /* Base in Resources */,
				68505C552CDB3B590050A9B6 /* Base in Resources */,
			);
			runOnlyForDeploymentPostprocessing = 0;
		};
/* End PBXResourcesBuildPhase section */

/* Begin PBXSourcesBuildPhase section */
		68505C462CDB3B590050A9B6 /* Sources */ = {
			isa = PBXSourcesBuildPhase;
			buildActionMask = 2147483647;
			files = (
				68505C692CDB404C0050A9B6 /* Constants.swift in Sources */,
				68505C522CDB3B590050A9B6 /* ViewController.swift in Sources */,
				68505C4E2CDB3B590050A9B6 /* AppDelegate.swift in Sources */,
				68505C502CDB3B590050A9B6 /* SceneDelegate.swift in Sources */,
				68505C672CDB3BFA0050A9B6 /* HomeViewController.swift in Sources */,
			);
			runOnlyForDeploymentPostprocessing = 0;
		};
/* End PBXSourcesBuildPhase section */

/* Begin PBXVariantGroup section */
		68505C532CDB3B590050A9B6 /* Main.storyboard */ = {
			isa = PBXVariantGroup;
			children = (
				68505C542CDB3B590050A9B6 /* Base */,
			);
			name = Main.storyboard;
			sourceTree = "<group>";
		};
		68505C582CDB3B5B0050A9B6 /* LaunchScreen.storyboard */ = {
			isa = PBXVariantGroup;
			children = (
				68505C592CDB3B5B0050A9B6 /* Base */,
			);
			name = LaunchScreen.storyboard;
			sourceTree = "<group>";
		};
/* End PBXVariantGroup section */

/* Begin XCBuildConfiguration section */
		68505C5C2CDB3B5B0050A9B6 /* Debug */ = {
			isa = XCBuildConfiguration;
			buildSettings = {
				ALWAYS_SEARCH_USER_PATHS = NO;
				ASSETCATALOG_COMPILER_GENERATE_SWIFT_ASSET_SYMBOL_EXTENSIONS = YES;
				CLANG_ANALYZER_NONNULL = YES;
				CLANG_ANALYZER_NUMBER_OBJECT_CONVERSION = YES_AGGRESSIVE;
				CLANG_CXX_LANGUAGE_STANDARD = "gnu++20";
				CLANG_ENABLE_MODULES = YES;
				CLANG_ENABLE_OBJC_ARC = YES;
				CLANG_ENABLE_OBJC_WEAK = YES;
				CLANG_WARN_BLOCK_CAPTURE_AUTORELEASING = YES;
				CLANG_WARN_BOOL_CONVERSION = YES;
				CLANG_WARN_COMMA = YES;
				CLANG_WARN_CONSTANT_CONVERSION = YES;
				CLANG_WARN_DEPRECATED_OBJC_IMPLEMENTATIONS = YES;
				CLANG_WARN_DIRECT_OBJC_ISA_USAGE = YES_ERROR;
				CLANG_WARN_DOCUMENTATION_COMMENTS = YES;
				CLANG_WARN_EMPTY_BODY = YES;
				CLANG_WARN_ENUM_CONVERSION = YES;
				CLANG_WARN_INFINITE_RECURSION = YES;
				CLANG_WARN_INT_CONVERSION = YES;
				CLANG_WARN_NON_LITERAL_NULL_CONVERSION = YES;
				CLANG_WARN_OBJC_IMPLICIT_RETAIN_SELF = YES;
				CLANG_WARN_OBJC_LITERAL_CONVERSION = YES;
				CLANG_WARN_OBJC_ROOT_CLASS = YES_ERROR;
				CLANG_WARN_QUOTED_INCLUDE_IN_FRAMEWORK_HEADER = YES;
				CLANG_WARN_RANGE_LOOP_ANALYSIS = YES;
				CLANG_WARN_STRICT_PROTOTYPES = YES;
				CLANG_WARN_SUSPICIOUS_MOVE = YES;
				CLANG_WARN_UNGUARDED_AVAILABILITY = YES_AGGRESSIVE;
				CLANG_WARN_UNREACHABLE_CODE = YES;
				CLANG_WARN__DUPLICATE_METHOD_MATCH = YES;
				COPY_PHASE_STRIP = NO;
				DEBUG_INFORMATION_FORMAT = dwarf;
				ENABLE_STRICT_OBJC_MSGSEND = YES;
				ENABLE_TESTABILITY = YES;
				ENABLE_USER_SCRIPT_SANDBOXING = YES;
				GCC_C_LANGUAGE_STANDARD = gnu17;
				GCC_DYNAMIC_NO_PIC = NO;
				GCC_NO_COMMON_BLOCKS = YES;
				GCC_OPTIMIZATION_LEVEL = 0;
				GCC_PREPROCESSOR_DEFINITIONS = (
					"DEBUG=1",
					"$(inherited)",
				);
				GCC_WARN_64_TO_32_BIT_CONVERSION = YES;
				GCC_WARN_ABOUT_RETURN_TYPE = YES_ERROR;
				GCC_WARN_UNDECLARED_SELECTOR = YES;
				GCC_WARN_UNINITIALIZED_AUTOS = YES_AGGRESSIVE;
				GCC_WARN_UNUSED_FUNCTION = YES;
				GCC_WARN_UNUSED_VARIABLE = YES;
				IPHONEOS_DEPLOYMENT_TARGET = 17.5;
				LOCALIZATION_PREFERS_STRING_CATALOGS = YES;
				MTL_ENABLE_DEBUG_INFO = INCLUDE_SOURCE;
				MTL_FAST_MATH = YES;
				ONLY_ACTIVE_ARCH = YES;
				SDKROOT = iphoneos;
				SWIFT_ACTIVE_COMPILATION_CONDITIONS = "DEBUG $(inherited)";
				SWIFT_OPTIMIZATION_LEVEL = "-Onone";
			};
			name = Debug;
		};
		68505C5D2CDB3B5B0050A9B6 /* Release */ = {
			isa = XCBuildConfiguration;
			buildSettings = {
				ALWAYS_SEARCH_USER_PATHS = NO;
				ASSETCATALOG_COMPILER_GENERATE_SWIFT_ASSET_SYMBOL_EXTENSIONS = YES;
				CLANG_ANALYZER_NONNULL = YES;
				CLANG_ANALYZER_NUMBER_OBJECT_CONVERSION = YES_AGGRESSIVE;
				CLANG_CXX_LANGUAGE_STANDARD = "gnu++20";
				CLANG_ENABLE_MODULES = YES;
				CLANG_ENABLE_OBJC_ARC = YES;
				CLANG_ENABLE_OBJC_WEAK = YES;
				CLANG_WARN_BLOCK_CAPTURE_AUTORELEASING = YES;
				CLANG_WARN_BOOL_CONVERSION = YES;
				CLANG_WARN_COMMA = YES;
				CLANG_WARN_CONSTANT_CONVERSION = YES;
				CLANG_WARN_DEPRECATED_OBJC_IMPLEMENTATIONS = YES;
				CLANG_WARN_DIRECT_OBJC_ISA_USAGE = YES_ERROR;
				CLANG_WARN_DOCUMENTATION_COMMENTS = YES;
				CLANG_WARN_EMPTY_BODY = YES;
				CLANG_WARN_ENUM_CONVERSION = YES;
				CLANG_WARN_INFINITE_RECURSION = YES;
				CLANG_WARN_INT_CONVERSION = YES;
				CLANG_WARN_NON_LITERAL_NULL_CONVERSION = YES;
				CLANG_WARN_OBJC_IMPLICIT_RETAIN_SELF = YES;
				CLANG_WARN_OBJC_LITERAL_CONVERSION = YES;
				CLANG_WARN_OBJC_ROOT_CLASS = YES_ERROR;
				CLANG_WARN_QUOTED_INCLUDE_IN_FRAMEWORK_HEADER = YES;
				CLANG_WARN_RANGE_LOOP_ANALYSIS = YES;
				CLANG_WARN_STRICT_PROTOTYPES = YES;
				CLANG_WARN_SUSPICIOUS_MOVE = YES;
				CLANG_WARN_UNGUARDED_AVAILABILITY = YES_AGGRESSIVE;
				CLANG_WARN_UNREACHABLE_CODE = YES;
				CLANG_WARN__DUPLICATE_METHOD_MATCH = YES;
				COPY_PHASE_STRIP = NO;
				DEBUG_INFORMATION_FORMAT = "dwarf-with-dsym";
				ENABLE_NS_ASSERTIONS = NO;
				ENABLE_STRICT_OBJC_MSGSEND = YES;
				ENABLE_USER_SCRIPT_SANDBOXING = YES;
				GCC_C_LANGUAGE_STANDARD = gnu17;
				GCC_NO_COMMON_BLOCKS = YES;
				GCC_WARN_64_TO_32_BIT_CONVERSION = YES;
				GCC_WARN_ABOUT_RETURN_TYPE = YES_ERROR;
				GCC_WARN_UNDECLARED_SELECTOR = YES;
				GCC_WARN_UNINITIALIZED_AUTOS = YES_AGGRESSIVE;
				GCC_WARN_UNUSED_FUNCTION = YES;
				GCC_WARN_UNUSED_VARIABLE = YES;
				IPHONEOS_DEPLOYMENT_TARGET = 17.5;
				LOCALIZATION_PREFERS_STRING_CATALOGS = YES;
				MTL_ENABLE_DEBUG_INFO = NO;
				MTL_FAST_MATH = YES;
				SDKROOT = iphoneos;
				SWIFT_COMPILATION_MODE = wholemodule;
				VALIDATE_PRODUCT = YES;
			};
			name = Release;
		};
		68505C5F2CDB3B5B0050A9B6 /* Debug */ = {
			isa = XCBuildConfiguration;
			buildSettings = {
				ASSETCATALOG_COMPILER_APPICON_NAME = AppIcon;
				ASSETCATALOG_COMPILER_GLOBAL_ACCENT_COLOR_NAME = AccentColor;
				CODE_SIGN_STYLE = Automatic;
				CURRENT_PROJECT_VERSION = 1;
				DEVELOPMENT_TEAM = W669X37752;
				GENERATE_INFOPLIST_FILE = YES;
				INFOPLIST_FILE = Aug_24_JSONSerialization_Alamofire_Demo/Info.plist;
				INFOPLIST_KEY_UIApplicationSupportsIndirectInputEvents = YES;
				INFOPLIST_KEY_UILaunchStoryboardName = LaunchScreen;
				INFOPLIST_KEY_UIMainStoryboardFile = Main;
				INFOPLIST_KEY_UISupportedInterfaceOrientations_iPad = "UIInterfaceOrientationPortrait UIInterfaceOrientationPortraitUpsideDown UIInterfaceOrientationLandscapeLeft UIInterfaceOrientationLandscapeRight";
				INFOPLIST_KEY_UISupportedInterfaceOrientations_iPhone = "UIInterfaceOrientationPortrait UIInterfaceOrientationLandscapeLeft UIInterfaceOrientationLandscapeRight";
				LD_RUNPATH_SEARCH_PATHS = (
					"$(inherited)",
					"@executable_path/Frameworks",
				);
				MARKETING_VERSION = 1.0;
				PRODUCT_BUNDLE_IDENTIFIER = "in.bitcode.Aug-24-JSONSerialization-Alamofire-Demo";
				PRODUCT_NAME = "$(TARGET_NAME)";
				SWIFT_EMIT_LOC_STRINGS = YES;
				SWIFT_VERSION = 5.0;
				TARGETED_DEVICE_FAMILY = "1,2";
			};
			name = Debug;
		};
		68505C602CDB3B5B0050A9B6 /* Release */ = {
			isa = XCBuildConfiguration;
			buildSettings = {
				ASSETCATALOG_COMPILER_APPICON_NAME = AppIcon;
				ASSETCATALOG_COMPILER_GLOBAL_ACCENT_COLOR_NAME = AccentColor;
				CODE_SIGN_STYLE = Automatic;
				CURRENT_PROJECT_VERSION = 1;
				DEVELOPMENT_TEAM = W669X37752;
				GENERATE_INFOPLIST_FILE = YES;
				INFOPLIST_FILE = Aug_24_JSONSerialization_Alamofire_Demo/Info.plist;
				INFOPLIST_KEY_UIApplicationSupportsIndirectInputEvents = YES;
				INFOPLIST_KEY_UILaunchStoryboardName = LaunchScreen;
				INFOPLIST_KEY_UIMainStoryboardFile = Main;
				INFOPLIST_KEY_UISupportedInterfaceOrientations_iPad = "UIInterfaceOrientationPortrait UIInterfaceOrientationPortraitUpsideDown UIInterfaceOrientationLandscapeLeft UIInterfaceOrientationLandscapeRight";
				INFOPLIST_KEY_UISupportedInterfaceOrientations_iPhone = "UIInterfaceOrientationPortrait UIInterfaceOrientationLandscapeLeft UIInterfaceOrientationLandscapeRight";
				LD_RUNPATH_SEARCH_PATHS = (
					"$(inherited)",
					"@executable_path/Frameworks",
				);
				MARKETING_VERSION = 1.0;
				PRODUCT_BUNDLE_IDENTIFIER = "in.bitcode.Aug-24-JSONSerialization-Alamofire-Demo";
				PRODUCT_NAME = "$(TARGET_NAME)";
				SWIFT_EMIT_LOC_STRINGS = YES;
				SWIFT_VERSION = 5.0;
				TARGETED_DEVICE_FAMILY = "1,2";
			};
			name = Release;
		};
/* End XCBuildConfiguration section */

/* Begin XCConfigurationList section */
		68505C452CDB3B590050A9B6 /* Build configuration list for PBXProject "Aug_24_JSONSerialization_Alamofire_Demo" */ = {
			isa = XCConfigurationList;
			buildConfigurations = (
				68505C5C2CDB3B5B0050A9B6 /* Debug */,
				68505C5D2CDB3B5B0050A9B6 /* Release */,
			);
			defaultConfigurationIsVisible = 0;
			defaultConfigurationName = Release;
		};
		68505C5E2CDB3B5B0050A9B6 /* Build configuration list for PBXNativeTarget "Aug_24_JSONSerialization_Alamofire_Demo" */ = {
			isa = XCConfigurationList;
			buildConfigurations = (
				68505C5F2CDB3B5B0050A9B6 /* Debug */,
				68505C602CDB3B5B0050A9B6 /* Release */,
			);
			defaultConfigurationIsVisible = 0;
			defaultConfigurationName = Release;
		};
/* End XCConfigurationList section */

/* Begin XCRemoteSwiftPackageReference section */
		68505C612CDB3BB50050A9B6 /* XCRemoteSwiftPackageReference "Alamofire" */ = {
			isa = XCRemoteSwiftPackageReference;
			repositoryURL = "https://github.com/Alamofire/Alamofire";
			requirement = {
				kind = upToNextMajorVersion;
				minimumVersion = 5.10.1;
			};
		};
/* End XCRemoteSwiftPackageReference section */

/* Begin XCSwiftPackageProductDependency section */
		68505C622CDB3BB50050A9B6 /* Alamofire */ = {
			isa = XCSwiftPackageProductDependency;
			package = 68505C612CDB3BB50050A9B6 /* XCRemoteSwiftPackageReference "Alamofire" */;
			productName = Alamofire;
		};
/* End XCSwiftPackageProductDependency section */
	};
	rootObject = 68505C422CDB3B590050A9B6 /* Project object */;
}
